
Microsoft Visual Studio Solution File, Format Version 12.00
# Visual Studio Version 17
VisualStudioVersion = 17.2.32630.192
MinimumVisualStudioVersion = 10.0.40219.1
Project("{9A19103F-16F7-4668-BE54-9A1E7A4F7556}") = "FidsCodingAssignment", "FidsCodingAssignment\FidsCodingAssignment.csproj", "{6603D3C4-551D-4BFB-9FE4-161BC1AABD8C}"
EndProject
Project("{FAE04EC0-301F-11D3-BF4B-00C04F79EFBC}") = "FidsCodingAssignment.Data", "FidsCodingAssignement.Data\FidsCodingAssignment.Data.csproj", "{B4B58CD5-1B95-465B-A9AD-FE65131F1332}"
EndProject
Project("{FAE04EC0-301F-11D3-BF4B-00C04F79EFBC}") = "FidsCodingAssignment.DTO", "FidsCodingAssignment.DTO\FidsCodingAssignment.DTO.csproj", "{39DD0E48-4DD8-43F6-8DAA-CAD846CC65D1}"
EndProject
Global
	GlobalSection(SolutionConfigurationPlatforms) = preSolution
		Debug|Any CPU = Debug|Any CPU
		Release|Any CPU = Release|Any CPU
	EndGlobalSection
	GlobalSection(ProjectConfigurationPlatforms) = postSolution
		{6603D3C4-551D-4BFB-9FE4-161BC1AABD8C}.Debug|Any CPU.ActiveCfg = Debug|Any CPU
		{6603D3C4-551D-4BFB-9FE4-161BC1AABD8C}.Debug|Any CPU.Build.0 = Debug|Any CPU
		{6603D3C4-551D-4BFB-9FE4-161BC1AABD8C}.Release|Any CPU.ActiveCfg = Release|Any CPU
		{6603D3C4-551D-4BFB-9FE4-161BC1AABD8C}.Release|Any CPU.Build.0 = Release|Any CPU
		{B4B58CD5-1B95-465B-A9AD-FE65131F1332}.Debug|Any CPU.ActiveCfg = Debug|Any CPU
		{B4B58CD5-1B95-465B-A9AD-FE65131F1332}.Debug|Any CPU.Build.0 = Debug|Any CPU
		{B4B58CD5-1B95-465B-A9AD-FE65131F1332}.Release|Any CPU.ActiveCfg = Release|Any CPU
		{B4B58CD5-1B95-465B-A9AD-FE65131F1332}.Release|Any CPU.Build.0 = Release|Any CPU
		{39DD0E48-4DD8-43F6-8DAA-CAD846CC65D1}.Debug|Any CPU.ActiveCfg = Debug|Any CPU
		{39DD0E48-4DD8-43F6-8DAA-CAD846CC65D1}.Debug|Any CPU.Build.0 = Debug|Any CPU
		{39DD0E48-4DD8-43F6-8DAA-CAD846CC65D1}.Release|Any CPU.ActiveCfg = Release|Any CPU
		{39DD0E48-4DD8-43F6-8DAA-CAD846CC65D1}.Release|Any CPU.Build.0 = Release|Any CPU
	EndGlobalSection
	GlobalSection(SolutionProperties) = preSolution
		HideSolutionNode = FALSE
	EndGlobalSection
	GlobalSection(ExtensibilityGlobals) = postSolution
		SolutionGuid = {ED53443D-F977-41D7-9723-D3E97AC44244}
	EndGlobalSection
EndGlobal
